
Microsoft Visual Studio Solution File, Format Version 12.00
# Visual Studio Version 17
VisualStudioVersion = 17.6.33815.320
MinimumVisualStudioVersion = 10.0.40219.1
Project("{FAE04EC0-301F-11D3-BF4B-00C04F79EFBC}") = "WebApplications.API", "WebApplications.API\WebApplications.API.csproj", "{7C2BEF93-B01C-4794-970F-FFF13635C243}"
EndProject
Project("{FAE04EC0-301F-11D3-BF4B-00C04F79EFBC}") = "WebApplications.AccesoDatos", "WebApplications.AccesoDatos\WebApplications.AccesoDatos.csproj", "{C88AADD9-D933-48F0-8BC1-FB680C701E6A}"
EndProject
Project("{FAE04EC0-301F-11D3-BF4B-00C04F79EFBC}") = "WebApplications.Controladora", "WebApplications.Controladora\WebApplications.Controladora.csproj", "{1DD4FCD5-DF36-4267-A923-E89878A0B4AE}"
EndProject
Project("{FAE04EC0-301F-11D3-BF4B-00C04F79EFBC}") = "WebApplications.Entidades", "WebApplications.Entidades\WebApplications.Entidades.csproj", "{315E7A66-87A6-4A9F-A248-2CC0713333B5}"
EndProject
Global
	GlobalSection(SolutionConfigurationPlatforms) = preSolution
		Debug|Any CPU = Debug|Any CPU
		Release|Any CPU = Release|Any CPU
	EndGlobalSection
	GlobalSection(ProjectConfigurationPlatforms) = postSolution
		{7C2BEF93-B01C-4794-970F-FFF13635C243}.Debug|Any CPU.ActiveCfg = Debug|Any CPU
		{7C2BEF93-B01C-4794-970F-FFF13635C243}.Debug|Any CPU.Build.0 = Debug|Any CPU
		{7C2BEF93-B01C-4794-970F-FFF13635C243}.Release|Any CPU.ActiveCfg = Release|Any CPU
		{7C2BEF93-B01C-4794-970F-FFF13635C243}.Release|Any CPU.Build.0 = Release|Any CPU
		{C88AADD9-D933-48F0-8BC1-FB680C701E6A}.Debug|Any CPU.ActiveCfg = Debug|Any CPU
		{C88AADD9-D933-48F0-8BC1-FB680C701E6A}.Debug|Any CPU.Build.0 = Debug|Any CPU
		{C88AADD9-D933-48F0-8BC1-FB680C701E6A}.Release|Any CPU.ActiveCfg = Release|Any CPU
		{C88AADD9-D933-48F0-8BC1-FB680C701E6A}.Release|Any CPU.Build.0 = Release|Any CPU
		{1DD4FCD5-DF36-4267-A923-E89878A0B4AE}.Debug|Any CPU.ActiveCfg = Debug|Any CPU
		{1DD4FCD5-DF36-4267-A923-E89878A0B4AE}.Debug|Any CPU.Build.0 = Debug|Any CPU
		{1DD4FCD5-DF36-4267-A923-E89878A0B4AE}.Release|Any CPU.ActiveCfg = Release|Any CPU
		{1DD4FCD5-DF36-4267-A923-E89878A0B4AE}.Release|Any CPU.Build.0 = Release|Any CPU
		{315E7A66-87A6-4A9F-A248-2CC0713333B5}.Debug|Any CPU.ActiveCfg = Debug|Any CPU
		{315E7A66-87A6-4A9F-A248-2CC0713333B5}.Debug|Any CPU.Build.0 = Debug|Any CPU
		{315E7A66-87A6-4A9F-A248-2CC0713333B5}.Release|Any CPU.ActiveCfg = Release|Any CPU
		{315E7A66-87A6-4A9F-A248-2CC0713333B5}.Release|Any CPU.Build.0 = Release|Any CPU
	EndGlobalSection
	GlobalSection(SolutionProperties) = preSolution
		HideSolutionNode = FALSE
	EndGlobalSection
	GlobalSection(ExtensibilityGlobals) = postSolution
		SolutionGuid = {44A1D493-BBFB-4CC0-A4DD-7BF4482B4ACE}
	EndGlobalSection
EndGlobal
